// !$*UTF8*$!
{
	archiveVersion = 1;
	classes = {
	};
	objectVersion = 51;
	objects = {

/* Begin PBXBuildFile section */
		30A9DC59254759CE000CA0CA /* Utilities.swift in Sources */ = {isa = PBXBuildFile; fileRef = 30A9DC58254759CE000CA0CA /* Utilities.swift */; };
		30FE9155254CCFFD0035F4EA /* ProfileViewController.swift in Sources */ = {isa = PBXBuildFile; fileRef = 30FE9154254CCFFD0035F4EA /* ProfileViewController.swift */; };
		87B1981723ECC2C5B6020631 /* Pods_SoapboxNew.framework in Frameworks */ = {isa = PBXBuildFile; fileRef = 0537CE5C8EFD5DCB3AA4228A /* Pods_SoapboxNew.framework */; };
		A49012432547909300AC0E5C /* Constants.swift in Sources */ = {isa = PBXBuildFile; fileRef = A49012422547909300AC0E5C /* Constants.swift */; };
		A4B1E27225473C5100745A88 /* AppDelegate.swift in Sources */ = {isa = PBXBuildFile; fileRef = A4B1E27125473C5100745A88 /* AppDelegate.swift */; };
		A4B1E27425473C5100745A88 /* SceneDelegate.swift in Sources */ = {isa = PBXBuildFile; fileRef = A4B1E27325473C5100745A88 /* SceneDelegate.swift */; };
		A4B1E27625473C5100745A88 /* WelcomeViewController.swift in Sources */ = {isa = PBXBuildFile; fileRef = A4B1E27525473C5100745A88 /* WelcomeViewController.swift */; };
		A4B1E27925473C5100745A88 /* Main.storyboard in Resources */ = {isa = PBXBuildFile; fileRef = A4B1E27725473C5100745A88 /* Main.storyboard */; };
		A4B1E27B25473C5300745A88 /* Assets.xcassets in Resources */ = {isa = PBXBuildFile; fileRef = A4B1E27A25473C5300745A88 /* Assets.xcassets */; };
		A4B1E27E25473C5300745A88 /* LaunchScreen.storyboard in Resources */ = {isa = PBXBuildFile; fileRef = A4B1E27C25473C5300745A88 /* LaunchScreen.storyboard */; };
		A4B1E28925473F9300745A88 /* SignupViewController.swift in Sources */ = {isa = PBXBuildFile; fileRef = A4B1E28825473F9300745A88 /* SignupViewController.swift */; };
		A4B1E28D25473FC000745A88 /* LoginViewController.swift in Sources */ = {isa = PBXBuildFile; fileRef = A4B1E28C25473FC000745A88 /* LoginViewController.swift */; };
		A4B1E2932547400600745A88 /* HomeViewController.swift in Sources */ = {isa = PBXBuildFile; fileRef = A4B1E2922547400600745A88 /* HomeViewController.swift */; };
		A4E56D0425476E7A005C9EE6 /* GoogleService-Info.plist in Resources */ = {isa = PBXBuildFile; fileRef = A4E56D0325476E7A005C9EE6 /* GoogleService-Info.plist */; };
/* End PBXBuildFile section */

/* Begin PBXFileReference section */
		0537CE5C8EFD5DCB3AA4228A /* Pods_SoapboxNew.framework */ = {isa = PBXFileReference; explicitFileType = wrapper.framework; includeInIndex = 0; path = Pods_SoapboxNew.framework; sourceTree = BUILT_PRODUCTS_DIR; };
		30A9DC58254759CE000CA0CA /* Utilities.swift */ = {isa = PBXFileReference; lastKnownFileType = sourcecode.swift; path = Utilities.swift; sourceTree = "<group>"; };
		30FE9154254CCFFD0035F4EA /* ProfileViewController.swift */ = {isa = PBXFileReference; lastKnownFileType = sourcecode.swift; path = ProfileViewController.swift; sourceTree = "<group>"; };
		63DC353315EB25A2FF3C83C5 /* Pods-SoapboxNew.release.xcconfig */ = {isa = PBXFileReference; includeInIndex = 1; lastKnownFileType = text.xcconfig; name = "Pods-SoapboxNew.release.xcconfig"; path = "Target Support Files/Pods-SoapboxNew/Pods-SoapboxNew.release.xcconfig"; sourceTree = "<group>"; };
		7C205D0730C8AD398E9D9EDC /* Pods-SoapboxNew.debug.xcconfig */ = {isa = PBXFileReference; includeInIndex = 1; lastKnownFileType = text.xcconfig; name = "Pods-SoapboxNew.debug.xcconfig"; path = "Target Support Files/Pods-SoapboxNew/Pods-SoapboxNew.debug.xcconfig"; sourceTree = "<group>"; };
		A49012422547909300AC0E5C /* Constants.swift */ = {isa = PBXFileReference; lastKnownFileType = sourcecode.swift; path = Constants.swift; sourceTree = "<group>"; };
		A4B1E26E25473C5100745A88 /* SoapboxNew.app */ = {isa = PBXFileReference; explicitFileType = wrapper.application; includeInIndex = 0; path = SoapboxNew.app; sourceTree = BUILT_PRODUCTS_DIR; };
		A4B1E27125473C5100745A88 /* AppDelegate.swift */ = {isa = PBXFileReference; lastKnownFileType = sourcecode.swift; path = AppDelegate.swift; sourceTree = "<group>"; };
		A4B1E27325473C5100745A88 /* SceneDelegate.swift */ = {isa = PBXFileReference; lastKnownFileType = sourcecode.swift; path = SceneDelegate.swift; sourceTree = "<group>"; };
		A4B1E27525473C5100745A88 /* WelcomeViewController.swift */ = {isa = PBXFileReference; lastKnownFileType = sourcecode.swift; path = WelcomeViewController.swift; sourceTree = "<group>"; };
		A4B1E27825473C5100745A88 /* Base */ = {isa = PBXFileReference; lastKnownFileType = file.storyboard; name = Base; path = Base.lproj/Main.storyboard; sourceTree = "<group>"; };
		A4B1E27A25473C5300745A88 /* Assets.xcassets */ = {isa = PBXFileReference; lastKnownFileType = folder.assetcatalog; path = Assets.xcassets; sourceTree = "<group>"; };
		A4B1E27D25473C5300745A88 /* Base */ = {isa = PBXFileReference; lastKnownFileType = file.storyboard; name = Base; path = Base.lproj/LaunchScreen.storyboard; sourceTree = "<group>"; };
		A4B1E27F25473C5300745A88 /* Info.plist */ = {isa = PBXFileReference; lastKnownFileType = text.plist.xml; path = Info.plist; sourceTree = "<group>"; };
		A4B1E28825473F9300745A88 /* SignupViewController.swift */ = {isa = PBXFileReference; lastKnownFileType = sourcecode.swift; path = SignupViewController.swift; sourceTree = "<group>"; };
		A4B1E28C25473FC000745A88 /* LoginViewController.swift */ = {isa = PBXFileReference; lastKnownFileType = sourcecode.swift; path = LoginViewController.swift; sourceTree = "<group>"; };
		A4B1E2922547400600745A88 /* HomeViewController.swift */ = {isa = PBXFileReference; lastKnownFileType = sourcecode.swift; path = HomeViewController.swift; sourceTree = "<group>"; };
		A4E56D0325476E7A005C9EE6 /* GoogleService-Info.plist */ = {isa = PBXFileReference; fileEncoding = 4; lastKnownFileType = text.plist.xml; path = "GoogleService-Info.plist"; sourceTree = "<group>"; };
/* End PBXFileReference section */

/* Begin PBXFrameworksBuildPhase section */
		A4B1E26B25473C5100745A88 /* Frameworks */ = {
			isa = PBXFrameworksBuildPhase;
			buildActionMask = 2147483647;
			files = (
				87B1981723ECC2C5B6020631 /* Pods_SoapboxNew.framework in Frameworks */,
			);
			runOnlyForDeploymentPostprocessing = 0;
		};
/* End PBXFrameworksBuildPhase section */

/* Begin PBXGroup section */
		30A9DC57254759B8000CA0CA /* Helpers */ = {
			isa = PBXGroup;
			children = (
				30A9DC58254759CE000CA0CA /* Utilities.swift */,
				A49012422547909300AC0E5C /* Constants.swift */,
			);
			path = Helpers;
			sourceTree = "<group>";
		};
		49082C5BF448267E2B12949A /* Pods */ = {
			isa = PBXGroup;
			children = (
				7C205D0730C8AD398E9D9EDC /* Pods-SoapboxNew.debug.xcconfig */,
				63DC353315EB25A2FF3C83C5 /* Pods-SoapboxNew.release.xcconfig */,
			);
			path = Pods;
			sourceTree = "<group>";
		};
		5404300A8E90EE5026E5AFBA /* Frameworks */ = {
			isa = PBXGroup;
			children = (
				0537CE5C8EFD5DCB3AA4228A /* Pods_SoapboxNew.framework */,
			);
			name = Frameworks;
			sourceTree = "<group>";
		};
		A4B1E26525473C5100745A88 = {
			isa = PBXGroup;
			children = (
				A4B1E27025473C5100745A88 /* SoapboxNew */,
				A4B1E26F25473C5100745A88 /* Products */,
				49082C5BF448267E2B12949A /* Pods */,
				5404300A8E90EE5026E5AFBA /* Frameworks */,
			);
			sourceTree = "<group>";
		};
		A4B1E26F25473C5100745A88 /* Products */ = {
			isa = PBXGroup;
			children = (
				A4B1E26E25473C5100745A88 /* SoapboxNew.app */,
			);
			name = Products;
			sourceTree = "<group>";
		};
		A4B1E27025473C5100745A88 /* SoapboxNew */ = {
			isa = PBXGroup;
			children = (
				A4E56D0325476E7A005C9EE6 /* GoogleService-Info.plist */,
				30A9DC57254759B8000CA0CA /* Helpers */,
				A4B1E28625473EE400745A88 /* View */,
				A4B1E27125473C5100745A88 /* AppDelegate.swift */,
				A4B1E27325473C5100745A88 /* SceneDelegate.swift */,
				A4B1E27725473C5100745A88 /* Main.storyboard */,
				A4B1E27A25473C5300745A88 /* Assets.xcassets */,
				A4B1E27C25473C5300745A88 /* LaunchScreen.storyboard */,
				A4B1E27F25473C5300745A88 /* Info.plist */,
			);
			path = SoapboxNew;
			sourceTree = "<group>";
		};
		A4B1E28625473EE400745A88 /* View */ = {
			isa = PBXGroup;
			children = (
				A4B1E28825473F9300745A88 /* SignupViewController.swift */,
				A4B1E27525473C5100745A88 /* WelcomeViewController.swift */,
				A4B1E28C25473FC000745A88 /* LoginViewController.swift */,
				A4B1E2922547400600745A88 /* HomeViewController.swift */,
				30FE9154254CCFFD0035F4EA /* ProfileViewController.swift */,
			);
			path = View;
			sourceTree = "<group>";
		};
/* End PBXGroup section */

/* Begin PBXNativeTarget section */
		A4B1E26D25473C5100745A88 /* SoapboxNew */ = {
			isa = PBXNativeTarget;
			buildConfigurationList = A4B1E28225473C5300745A88 /* Build configuration list for PBXNativeTarget "SoapboxNew" */;
			buildPhases = (
				098CDAE28488F04509DE7B30 /* [CP] Check Pods Manifest.lock */,
				A4B1E26A25473C5100745A88 /* Sources */,
				A4B1E26B25473C5100745A88 /* Frameworks */,
				A4B1E26C25473C5100745A88 /* Resources */,
				A0678767A7525127F4C6FFB5 /* [CP] Embed Pods Frameworks */,
			);
			buildRules = (
			);
			dependencies = (
			);
			name = SoapboxNew;
			productName = SoapboxNew;
			productReference = A4B1E26E25473C5100745A88 /* SoapboxNew.app */;
			productType = "com.apple.product-type.application";
		};
/* End PBXNativeTarget section */

/* Begin PBXProject section */
		A4B1E26625473C5100745A88 /* Project object */ = {
			isa = PBXProject;
			attributes = {
				LastSwiftUpdateCheck = 1210;
				LastUpgradeCheck = 1210;
				TargetAttributes = {
					A4B1E26D25473C5100745A88 = {
						CreatedOnToolsVersion = 12.1;
					};
				};
			};
			buildConfigurationList = A4B1E26925473C5100745A88 /* Build configuration list for PBXProject "SoapboxNew" */;
			compatibilityVersion = "Xcode 9.3";
			developmentRegion = en;
			hasScannedForEncodings = 0;
			knownRegions = (
				en,
				Base,
			);
			mainGroup = A4B1E26525473C5100745A88;
			productRefGroup = A4B1E26F25473C5100745A88 /* Products */;
			projectDirPath = "";
			projectRoot = "";
			targets = (
				A4B1E26D25473C5100745A88 /* SoapboxNew */,
			);
		};
/* End PBXProject section */

/* Begin PBXResourcesBuildPhase section */
		A4B1E26C25473C5100745A88 /* Resources */ = {
			isa = PBXResourcesBuildPhase;
			buildActionMask = 2147483647;
			files = (
				A4B1E27E25473C5300745A88 /* LaunchScreen.storyboard in Resources */,
				A4E56D0425476E7A005C9EE6 /* GoogleService-Info.plist in Resources */,
				A4B1E27B25473C5300745A88 /* Assets.xcassets in Resources */,
				A4B1E27925473C5100745A88 /* Main.storyboard in Resources */,
			);
			runOnlyForDeploymentPostprocessing = 0;
		};
/* End PBXResourcesBuildPhase section */

/* Begin PBXShellScriptBuildPhase section */
		098CDAE28488F04509DE7B30 /* [CP] Check Pods Manifest.lock */ = {
			isa = PBXShellScriptBuildPhase;
			buildActionMask = 2147483647;
			files = (
			);
			inputFileListPaths = (
			);
			inputPaths = (
				"${PODS_PODFILE_DIR_PATH}/Podfile.lock",
				"${PODS_ROOT}/Manifest.lock",
			);
			name = "[CP] Check Pods Manifest.lock";
			outputFileListPaths = (
			);
			outputPaths = (
				"$(DERIVED_FILE_DIR)/Pods-SoapboxNew-checkManifestLockResult.txt",
			);
			runOnlyForDeploymentPostprocessing = 0;
			shellPath = /bin/sh;
			shellScript = "diff \"${PODS_PODFILE_DIR_PATH}/Podfile.lock\" \"${PODS_ROOT}/Manifest.lock\" > /dev/null\nif [ $? != 0 ] ; then\n    # print error to STDERR\n    echo \"error: The sandbox is not in sync with the Podfile.lock. Run 'pod install' or update your CocoaPods installation.\" >&2\n    exit 1\nfi\n# This output is used by Xcode 'outputs' to avoid re-running this script phase.\necho \"SUCCESS\" > \"${SCRIPT_OUTPUT_FILE_0}\"\n";
			showEnvVarsInLog = 0;
		};
		A0678767A7525127F4C6FFB5 /* [CP] Embed Pods Frameworks */ = {
			isa = PBXShellScriptBuildPhase;
			buildActionMask = 2147483647;
			files = (
			);
			inputFileListPaths = (
				"${PODS_ROOT}/Target Support Files/Pods-SoapboxNew/Pods-SoapboxNew-frameworks-${CONFIGURATION}-input-files.xcfilelist",
			);
			name = "[CP] Embed Pods Frameworks";
			outputFileListPaths = (
				"${PODS_ROOT}/Target Support Files/Pods-SoapboxNew/Pods-SoapboxNew-frameworks-${CONFIGURATION}-output-files.xcfilelist",
			);
			runOnlyForDeploymentPostprocessing = 0;
			shellPath = /bin/sh;
			shellScript = "\"${PODS_ROOT}/Target Support Files/Pods-SoapboxNew/Pods-SoapboxNew-frameworks.sh\"\n";
			showEnvVarsInLog = 0;
		};
/* End PBXShellScriptBuildPhase section */

/* Begin PBXSourcesBuildPhase section */
		A4B1E26A25473C5100745A88 /* Sources */ = {
			isa = PBXSourcesBuildPhase;
			buildActionMask = 2147483647;
			files = (
				A4B1E27625473C5100745A88 /* WelcomeViewController.swift in Sources */,
				30FE9155254CCFFD0035F4EA /* ProfileViewController.swift in Sources */,
				A4B1E27225473C5100745A88 /* AppDelegate.swift in Sources */,
				A4B1E28925473F9300745A88 /* SignupViewController.swift in Sources */,
				A4B1E28D25473FC000745A88 /* LoginViewController.swift in Sources */,
				A4B1E2932547400600745A88 /* HomeViewController.swift in Sources */,
				30A9DC59254759CE000CA0CA /* Utilities.swift in Sources */,
				A4B1E27425473C5100745A88 /* SceneDelegate.swift in Sources */,
				A49012432547909300AC0E5C /* Constants.swift in Sources */,
			);
			runOnlyForDeploymentPostprocessing = 0;
		};
/* End PBXSourcesBuildPhase section */

/* Begin PBXVariantGroup section */
		A4B1E27725473C5100745A88 /* Main.storyboard */ = {
			isa = PBXVariantGroup;
			children = (
				A4B1E27825473C5100745A88 /* Base */,
			);
			name = Main.storyboard;
			sourceTree = "<group>";
		};
		A4B1E27C25473C5300745A88 /* LaunchScreen.storyboard */ = {
			isa = PBXVariantGroup;
			children = (
				A4B1E27D25473C5300745A88 /* Base */,
			);
			name = LaunchScreen.storyboard;
			sourceTree = "<group>";
		};
/* End PBXVariantGroup section */

/* Begin XCBuildConfiguration section */
		A4B1E28025473C5300745A88 /* Debug */ = {
			isa = XCBuildConfiguration;
			buildSettings = {
				ALWAYS_SEARCH_USER_PATHS = NO;
				CLANG_ANALYZER_NONNULL = YES;
				CLANG_ANALYZER_NUMBER_OBJECT_CONVERSION = YES_AGGRESSIVE;
				CLANG_CXX_LANGUAGE_STANDARD = "gnu++14";
				CLANG_CXX_LIBRARY = "libc++";
				CLANG_ENABLE_MODULES = YES;
				CLANG_ENABLE_OBJC_ARC = YES;
				CLANG_ENABLE_OBJC_WEAK = YES;
				CLANG_WARN_BLOCK_CAPTURE_AUTORELEASING = YES;
				CLANG_WARN_BOOL_CONVERSION = YES;
				CLANG_WARN_COMMA = YES;
				CLANG_WARN_CONSTANT_CONVERSION = YES;
				CLANG_WARN_DEPRECATED_OBJC_IMPLEMENTATIONS = YES;
				CLANG_WARN_DIRECT_OBJC_ISA_USAGE = YES_ERROR;
				CLANG_WARN_DOCUMENTATION_COMMENTS = YES;
				CLANG_WARN_EMPTY_BODY = YES;
				CLANG_WARN_ENUM_CONVERSION = YES;
				CLANG_WARN_INFINITE_RECURSION = YES;
				CLANG_WARN_INT_CONVERSION = YES;
				CLANG_WARN_NON_LITERAL_NULL_CONVERSION = YES;
				CLANG_WARN_OBJC_IMPLICIT_RETAIN_SELF = YES;
				CLANG_WARN_OBJC_LITERAL_CONVERSION = YES;
				CLANG_WARN_OBJC_ROOT_CLASS = YES_ERROR;
				CLANG_WARN_QUOTED_INCLUDE_IN_FRAMEWORK_HEADER = YES;
				CLANG_WARN_RANGE_LOOP_ANALYSIS = YES;
				CLANG_WARN_STRICT_PROTOTYPES = YES;
				CLANG_WARN_SUSPICIOUS_MOVE = YES;
				CLANG_WARN_UNGUARDED_AVAILABILITY = YES_AGGRESSIVE;
				CLANG_WARN_UNREACHABLE_CODE = YES;
				CLANG_WARN__DUPLICATE_METHOD_MATCH = YES;
				COPY_PHASE_STRIP = NO;
				DEBUG_INFORMATION_FORMAT = dwarf;
				ENABLE_STRICT_OBJC_MSGSEND = YES;
				ENABLE_TESTABILITY = YES;
				GCC_C_LANGUAGE_STANDARD = gnu11;
				GCC_DYNAMIC_NO_PIC = NO;
				GCC_NO_COMMON_BLOCKS = YES;
				GCC_OPTIMIZATION_LEVEL = 0;
				GCC_PREPROCESSOR_DEFINITIONS = (
					"DEBUG=1",
					"$(inherited)",
				);
				GCC_WARN_64_TO_32_BIT_CONVERSION = YES;
				GCC_WARN_ABOUT_RETURN_TYPE = YES_ERROR;
				GCC_WARN_UNDECLARED_SELECTOR = YES;
				GCC_WARN_UNINITIALIZED_AUTOS = YES_AGGRESSIVE;
				GCC_WARN_UNUSED_FUNCTION = YES;
				GCC_WARN_UNUSED_VARIABLE = YES;
				IPHONEOS_DEPLOYMENT_TARGET = 14.0;
				MTL_ENABLE_DEBUG_INFO = INCLUDE_SOURCE;
				MTL_FAST_MATH = YES;
				ONLY_ACTIVE_ARCH = YES;
				SDKROOT = iphoneos;
				SWIFT_ACTIVE_COMPILATION_CONDITIONS = DEBUG;
				SWIFT_OPTIMIZATION_LEVEL = "-Onone";
			};
			name = Debug;
		};
		A4B1E28125473C5300745A88 /* Release */ = {
			isa = XCBuildConfiguration;
			buildSettings = {
				ALWAYS_SEARCH_USER_PATHS = NO;
				CLANG_ANALYZER_NONNULL = YES;
				CLANG_ANALYZER_NUMBER_OBJECT_CONVERSION = YES_AGGRESSIVE;
				CLANG_CXX_LANGUAGE_STANDARD = "gnu++14";
				CLANG_CXX_LIBRARY = "libc++";
				CLANG_ENABLE_MODULES = YES;
				CLANG_ENABLE_OBJC_ARC = YES;
				CLANG_ENABLE_OBJC_WEAK = YES;
				CLANG_WARN_BLOCK_CAPTURE_AUTORELEASING = YES;
				CLANG_WARN_BOOL_CONVERSION = YES;
				CLANG_WARN_COMMA = YES;
				CLANG_WARN_CONSTANT_CONVERSION = YES;
				CLANG_WARN_DEPRECATED_OBJC_IMPLEMENTATIONS = YES;
				CLANG_WARN_DIRECT_OBJC_ISA_USAGE = YES_ERROR;
				CLANG_WARN_DOCUMENTATION_COMMENTS = YES;
				CLANG_WARN_EMPTY_BODY = YES;
				CLANG_WARN_ENUM_CONVERSION = YES;
				CLANG_WARN_INFINITE_RECURSION = YES;
				CLANG_WARN_INT_CONVERSION = YES;
				CLANG_WARN_NON_LITERAL_NULL_CONVERSION = YES;
				CLANG_WARN_OBJC_IMPLICIT_RETAIN_SELF = YES;
				CLANG_WARN_OBJC_LITERAL_CONVERSION = YES;
				CLANG_WARN_OBJC_ROOT_CLASS = YES_ERROR;
				CLANG_WARN_QUOTED_INCLUDE_IN_FRAMEWORK_HEADER = YES;
				CLANG_WARN_RANGE_LOOP_ANALYSIS = YES;
				CLANG_WARN_STRICT_PROTOTYPES = YES;
				CLANG_WARN_SUSPICIOUS_MOVE = YES;
				CLANG_WARN_UNGUARDED_AVAILABILITY = YES_AGGRESSIVE;
				CLANG_WARN_UNREACHABLE_CODE = YES;
				CLANG_WARN__DUPLICATE_METHOD_MATCH = YES;
				COPY_PHASE_STRIP = NO;
				DEBUG_INFORMATION_FORMAT = "dwarf-with-dsym";
				ENABLE_NS_ASSERTIONS = NO;
				ENABLE_STRICT_OBJC_MSGSEND = YES;
				GCC_C_LANGUAGE_STANDARD = gnu11;
				GCC_NO_COMMON_BLOCKS = YES;
				GCC_WARN_64_TO_32_BIT_CONVERSION = YES;
				GCC_WARN_ABOUT_RETURN_TYPE = YES_ERROR;
				GCC_WARN_UNDECLARED_SELECTOR = YES;
				GCC_WARN_UNINITIALIZED_AUTOS = YES_AGGRESSIVE;
				GCC_WARN_UNUSED_FUNCTION = YES;
				GCC_WARN_UNUSED_VARIABLE = YES;
				IPHONEOS_DEPLOYMENT_TARGET = 14.0;
				MTL_ENABLE_DEBUG_INFO = NO;
				MTL_FAST_MATH = YES;
				SDKROOT = iphoneos;
				SWIFT_COMPILATION_MODE = wholemodule;
				SWIFT_OPTIMIZATION_LEVEL = "-O";
				VALIDATE_PRODUCT = YES;
			};
			name = Release;
		};
		A4B1E28325473C5300745A88 /* Debug */ = {
			isa = XCBuildConfiguration;
			baseConfigurationReference = 7C205D0730C8AD398E9D9EDC /* Pods-SoapboxNew.debug.xcconfig */;
			buildSettings = {
				ASSETCATALOG_COMPILER_APPICON_NAME = AppIcon;
				ASSETCATALOG_COMPILER_GLOBAL_ACCENT_COLOR_NAME = AccentColor;
				CODE_SIGN_STYLE = Automatic;
				DEVELOPMENT_TEAM = 6S57HZN2Q3;
				INFOPLIST_FILE = SoapboxNew/Info.plist;
				LD_RUNPATH_SEARCH_PATHS = (
					"$(inherited)",
					"@executable_path/Frameworks",
				);
				PRODUCT_BUNDLE_IDENTIFIER = com.williamDam.SoapboxNew;
				PRODUCT_NAME = "$(TARGET_NAME)";
				SWIFT_VERSION = 5.0;
				TARGETED_DEVICE_FAMILY = "1,2";
			};
			name = Debug;
		};
		A4B1E28425473C5300745A88 /* Release */ = {
			isa = XCBuildConfiguration;
			baseConfigurationReference = 63DC353315EB25A2FF3C83C5 /* Pods-SoapboxNew.release.xcconfig */;
			buildSettings = {
				ASSETCATALOG_COMPILER_APPICON_NAME = AppIcon;
				ASSETCATALOG_COMPILER_GLOBAL_ACCENT_COLOR_NAME = AccentColor;
				CODE_SIGN_STYLE = Automatic;
				DEVELOPMENT_TEAM = 6S57HZN2Q3;
				INFOPLIST_FILE = SoapboxNew/Info.plist;
				LD_RUNPATH_SEARCH_PATHS = (
					"$(inherited)",
					"@executable_path/Frameworks",
				);
				PRODUCT_BUNDLE_IDENTIFIER = com.williamDam.SoapboxNew;
				PRODUCT_NAME = "$(TARGET_NAME)";
				SWIFT_VERSION = 5.0;
				TARGETED_DEVICE_FAMILY = "1,2";
			};
			name = Release;
		};
/* End XCBuildConfiguration section */

/* Begin XCConfigurationList section */
		A4B1E26925473C5100745A88 /* Build configuration list for PBXProject "SoapboxNew" */ = {
			isa = XCConfigurationList;
			buildConfigurations = (
				A4B1E28025473C5300745A88 /* Debug */,
				A4B1E28125473C5300745A88 /* Release */,
			);
			defaultConfigurationIsVisible = 0;
			defaultConfigurationName = Release;
		};
		A4B1E28225473C5300745A88 /* Build configuration list for PBXNativeTarget "SoapboxNew" */ = {
			isa = XCConfigurationList;
			buildConfigurations = (
				A4B1E28325473C5300745A88 /* Debug */,
				A4B1E28425473C5300745A88 /* Release */,
			);
			defaultConfigurationIsVisible = 0;
			defaultConfigurationName = Release;
		};
/* End XCConfigurationList section */
	};
	rootObject = A4B1E26625473C5100745A88 /* Project object */;
}
